
Microsoft Visual Studio Solution File, Format Version 12.00
# Visual Studio Version 16
VisualStudioVersion = 16.0.31205.134
MinimumVisualStudioVersion = 10.0.40219.1
Project("{9A19103F-16F7-4668-BE54-9A1E7A4F7556}") = "QrssPlusTests", "QrssPlusTests\QrssPlusTests.csproj", "{513B91B0-3D86-4D8C-A573-9852C6E7A022}"
EndProject
Project("{9A19103F-16F7-4668-BE54-9A1E7A4F7556}") = "QrssPlus", "QrssPlus\QrssPlus.csproj", "{81458CF2-0405-4970-9D3E-A47A726D606B}"
EndProject
Project("{9A19103F-16F7-4668-BE54-9A1E7A4F7556}") = "QrssPlusViewer", "QrssPlusViewer\QrssPlusViewer.csproj", "{7973FD31-6880-437E-AEE1-55EB43E9F518}"
EndProject
Global
	GlobalSection(SolutionConfigurationPlatforms) = preSolution
		Debug|Any CPU = Debug|Any CPU
		Release|Any CPU = Release|Any CPU
	EndGlobalSection
	GlobalSection(ProjectConfigurationPlatforms) = postSolution
		{513B91B0-3D86-4D8C-A573-9852C6E7A022}.Debug|Any CPU.ActiveCfg = Debug|Any CPU
		{513B91B0-3D86-4D8C-A573-9852C6E7A022}.Debug|Any CPU.Build.0 = Debug|Any CPU
		{513B91B0-3D86-4D8C-A573-9852C6E7A022}.Release|Any CPU.ActiveCfg = Release|Any CPU
		{513B91B0-3D86-4D8C-A573-9852C6E7A022}.Release|Any CPU.Build.0 = Release|Any CPU
		{81458CF2-0405-4970-9D3E-A47A726D606B}.Debug|Any CPU.ActiveCfg = Debug|Any CPU
		{81458CF2-0405-4970-9D3E-A47A726D606B}.Debug|Any CPU.Build.0 = Debug|Any CPU
		{81458CF2-0405-4970-9D3E-A47A726D606B}.Release|Any CPU.ActiveCfg = Release|Any CPU
		{81458CF2-0405-4970-9D3E-A47A726D606B}.Release|Any CPU.Build.0 = Release|Any CPU
		{7973FD31-6880-437E-AEE1-55EB43E9F518}.Debug|Any CPU.ActiveCfg = Debug|Any CPU
		{7973FD31-6880-437E-AEE1-55EB43E9F518}.Debug|Any CPU.Build.0 = Debug|Any CPU
		{7973FD31-6880-437E-AEE1-55EB43E9F518}.Release|Any CPU.ActiveCfg = Release|Any CPU
		{7973FD31-6880-437E-AEE1-55EB43E9F518}.Release|Any CPU.Build.0 = Release|Any CPU
	EndGlobalSection
	GlobalSection(SolutionProperties) = preSolution
		HideSolutionNode = FALSE
	EndGlobalSection
	GlobalSection(ExtensibilityGlobals) = postSolution
		SolutionGuid = {410E69F7-663C-44BC-9226-6AF5C1804095}
	EndGlobalSection
EndGlobal
